// !$*UTF8*$!
{
	archiveVersion = 1;
	classes = {
	};
	objectVersion = 51;
	objects = {

/* Begin PBXBuildFile section */
		95B5FBDE24AC9E4E00787A65 /* AppDelegate.swift in Sources */ = {isa = PBXBuildFile; fileRef = 95B5FBDD24AC9E4E00787A65 /* AppDelegate.swift */; };
		95B5FBE024AC9E4E00787A65 /* SceneDelegate.swift in Sources */ = {isa = PBXBuildFile; fileRef = 95B5FBDF24AC9E4E00787A65 /* SceneDelegate.swift */; };
		95B5FBE224AC9E4E00787A65 /* ViewController.swift in Sources */ = {isa = PBXBuildFile; fileRef = 95B5FBE124AC9E4E00787A65 /* ViewController.swift */; };
		95B5FBE524AC9E4E00787A65 /* Main.storyboard in Resources */ = {isa = PBXBuildFile; fileRef = 95B5FBE324AC9E4E00787A65 /* Main.storyboard */; };
		95B5FBE724AC9E5200787A65 /* Assets.xcassets in Resources */ = {isa = PBXBuildFile; fileRef = 95B5FBE624AC9E5200787A65 /* Assets.xcassets */; };
		95B5FBEA24AC9E5200787A65 /* LaunchScreen.storyboard in Resources */ = {isa = PBXBuildFile; fileRef = 95B5FBE824AC9E5200787A65 /* LaunchScreen.storyboard */; };
		95B5FBF724ACA34200787A65 /* PhotosTableViewCell.swift in Sources */ = {isa = PBXBuildFile; fileRef = 95B5FBF524ACA34200787A65 /* PhotosTableViewCell.swift */; };
		95B5FBF824ACA34200787A65 /* PhotosTableViewCell.xib in Resources */ = {isa = PBXBuildFile; fileRef = 95B5FBF624ACA34200787A65 /* PhotosTableViewCell.xib */; };
		95B5FBFA24ACA65900787A65 /* Photo.swift in Sources */ = {isa = PBXBuildFile; fileRef = 95B5FBF924ACA65900787A65 /* Photo.swift */; };
		95B5FBFC24ACAC6200787A65 /* UIImageViewExtension.swift in Sources */ = {isa = PBXBuildFile; fileRef = 95B5FBFB24ACAC6200787A65 /* UIImageViewExtension.swift */; };
		DA45DC3E7B80E5B280C9B840 /* Pods_Alamofire_Kingfisher.framework in Frameworks */ = {isa = PBXBuildFile; fileRef = 9B1FB4DD7C45BA886D30FE43 /* Pods_Alamofire_Kingfisher.framework */; };
/* End PBXBuildFile section */

/* Begin PBXFileReference section */
		572997B1A83BB232C3D23339 /* Pods-Alamofire_Kingfisher.debug.xcconfig */ = {isa = PBXFileReference; includeInIndex = 1; lastKnownFileType = text.xcconfig; name = "Pods-Alamofire_Kingfisher.debug.xcconfig"; path = "Target Support Files/Pods-Alamofire_Kingfisher/Pods-Alamofire_Kingfisher.debug.xcconfig"; sourceTree = "<group>"; };
		5B78F270C2F2FD7411AF839F /* Pods-Alamofire_Kingfisher.release.xcconfig */ = {isa = PBXFileReference; includeInIndex = 1; lastKnownFileType = text.xcconfig; name = "Pods-Alamofire_Kingfisher.release.xcconfig"; path = "Target Support Files/Pods-Alamofire_Kingfisher/Pods-Alamofire_Kingfisher.release.xcconfig"; sourceTree = "<group>"; };
		95B5FBDA24AC9E4E00787A65 /* Alamofire_Kingfisher.app */ = {isa = PBXFileReference; explicitFileType = wrapper.application; includeInIndex = 0; path = Alamofire_Kingfisher.app; sourceTree = BUILT_PRODUCTS_DIR; };
		95B5FBDD24AC9E4E00787A65 /* AppDelegate.swift */ = {isa = PBXFileReference; lastKnownFileType = sourcecode.swift; path = AppDelegate.swift; sourceTree = "<group>"; };
		95B5FBDF24AC9E4E00787A65 /* SceneDelegate.swift */ = {isa = PBXFileReference; lastKnownFileType = sourcecode.swift; path = SceneDelegate.swift; sourceTree = "<group>"; };
		95B5FBE124AC9E4E00787A65 /* ViewController.swift */ = {isa = PBXFileReference; lastKnownFileType = sourcecode.swift; path = ViewController.swift; sourceTree = "<group>"; };
		95B5FBE424AC9E4E00787A65 /* Base */ = {isa = PBXFileReference; lastKnownFileType = file.storyboard; name = Base; path = Base.lproj/Main.storyboard; sourceTree = "<group>"; };
		95B5FBE624AC9E5200787A65 /* Assets.xcassets */ = {isa = PBXFileReference; lastKnownFileType = folder.assetcatalog; path = Assets.xcassets; sourceTree = "<group>"; };
		95B5FBE924AC9E5200787A65 /* Base */ = {isa = PBXFileReference; lastKnownFileType = file.storyboard; name = Base; path = Base.lproj/LaunchScreen.storyboard; sourceTree = "<group>"; };
		95B5FBEB24AC9E5200787A65 /* Info.plist */ = {isa = PBXFileReference; lastKnownFileType = text.plist.xml; path = Info.plist; sourceTree = "<group>"; };
		95B5FBF524ACA34200787A65 /* PhotosTableViewCell.swift */ = {isa = PBXFileReference; lastKnownFileType = sourcecode.swift; path = PhotosTableViewCell.swift; sourceTree = "<group>"; };
		95B5FBF624ACA34200787A65 /* PhotosTableViewCell.xib */ = {isa = PBXFileReference; lastKnownFileType = file.xib; path = PhotosTableViewCell.xib; sourceTree = "<group>"; };
		95B5FBF924ACA65900787A65 /* Photo.swift */ = {isa = PBXFileReference; lastKnownFileType = sourcecode.swift; path = Photo.swift; sourceTree = "<group>"; };
		95B5FBFB24ACAC6200787A65 /* UIImageViewExtension.swift */ = {isa = PBXFileReference; lastKnownFileType = sourcecode.swift; path = UIImageViewExtension.swift; sourceTree = "<group>"; };
		9B1FB4DD7C45BA886D30FE43 /* Pods_Alamofire_Kingfisher.framework */ = {isa = PBXFileReference; explicitFileType = wrapper.framework; includeInIndex = 0; path = Pods_Alamofire_Kingfisher.framework; sourceTree = BUILT_PRODUCTS_DIR; };
/* End PBXFileReference section */

/* Begin PBXFrameworksBuildPhase section */
		95B5FBD724AC9E4E00787A65 /* Frameworks */ = {
			isa = PBXFrameworksBuildPhase;
			buildActionMask = 2147483647;
			files = (
				DA45DC3E7B80E5B280C9B840 /* Pods_Alamofire_Kingfisher.framework in Frameworks */,
			);
			runOnlyForDeploymentPostprocessing = 0;
		};
/* End PBXFrameworksBuildPhase section */

/* Begin PBXGroup section */
		61CDAC5803E0BD9A06D3934D /* Pods */ = {
			isa = PBXGroup;
			children = (
				572997B1A83BB232C3D23339 /* Pods-Alamofire_Kingfisher.debug.xcconfig */,
				5B78F270C2F2FD7411AF839F /* Pods-Alamofire_Kingfisher.release.xcconfig */,
			);
			path = Pods;
			sourceTree = "<group>";
		};
		95B5FBD124AC9E4E00787A65 = {
			isa = PBXGroup;
			children = (
				95B5FBDC24AC9E4E00787A65 /* Alamofire_Kingfisher */,
				95B5FBDB24AC9E4E00787A65 /* Products */,
				61CDAC5803E0BD9A06D3934D /* Pods */,
				CF943BC68AC026561DCDCCDD /* Frameworks */,
			);
			sourceTree = "<group>";
		};
		95B5FBDB24AC9E4E00787A65 /* Products */ = {
			isa = PBXGroup;
			children = (
				95B5FBDA24AC9E4E00787A65 /* Alamofire_Kingfisher.app */,
			);
			name = Products;
			sourceTree = "<group>";
		};
		95B5FBDC24AC9E4E00787A65 /* Alamofire_Kingfisher */ = {
			isa = PBXGroup;
			children = (
				95B5FBDD24AC9E4E00787A65 /* AppDelegate.swift */,
				95B5FBDF24AC9E4E00787A65 /* SceneDelegate.swift */,
				95B5FBE124AC9E4E00787A65 /* ViewController.swift */,
				95B5FBE324AC9E4E00787A65 /* Main.storyboard */,
				95B5FBE624AC9E5200787A65 /* Assets.xcassets */,
				95B5FBE824AC9E5200787A65 /* LaunchScreen.storyboard */,
				95B5FBEB24AC9E5200787A65 /* Info.plist */,
				95B5FBF524ACA34200787A65 /* PhotosTableViewCell.swift */,
				95B5FBF624ACA34200787A65 /* PhotosTableViewCell.xib */,
				95B5FBF924ACA65900787A65 /* Photo.swift */,
				95B5FBFB24ACAC6200787A65 /* UIImageViewExtension.swift */,
			);
			path = Alamofire_Kingfisher;
			sourceTree = "<group>";
		};
		CF943BC68AC026561DCDCCDD /* Frameworks */ = {
			isa = PBXGroup;
			children = (
				9B1FB4DD7C45BA886D30FE43 /* Pods_Alamofire_Kingfisher.framework */,
			);
			name = Frameworks;
			sourceTree = "<group>";
		};
/* End PBXGroup section */

/* Begin PBXNativeTarget section */
		95B5FBD924AC9E4E00787A65 /* Alamofire_Kingfisher */ = {
			isa = PBXNativeTarget;
			buildConfigurationList = 95B5FBEE24AC9E5200787A65 /* Build configuration list for PBXNativeTarget "Alamofire_Kingfisher" */;
			buildPhases = (
				038C1EFD2CC91A2DD2B93714 /* [CP] Check Pods Manifest.lock */,
				95B5FBD624AC9E4E00787A65 /* Sources */,
				95B5FBD724AC9E4E00787A65 /* Frameworks */,
				95B5FBD824AC9E4E00787A65 /* Resources */,
				CD0B2C3EA0CF62ECF10F1137 /* [CP] Embed Pods Frameworks */,
			);
			buildRules = (
			);
			dependencies = (
			);
			name = Alamofire_Kingfisher;
			productName = Alamofire_Kingfisher;
			productReference = 95B5FBDA24AC9E4E00787A65 /* Alamofire_Kingfisher.app */;
			productType = "com.apple.product-type.application";
		};
/* End PBXNativeTarget section */

/* Begin PBXProject section */
		95B5FBD224AC9E4E00787A65 /* Project object */ = {
			isa = PBXProject;
			attributes = {
				LastSwiftUpdateCheck = 1150;
				LastUpgradeCheck = 1150;
				ORGANIZATIONNAME = "Yuki Shinohara";
				TargetAttributes = {
					95B5FBD924AC9E4E00787A65 = {
						CreatedOnToolsVersion = 11.5;
					};
				};
			};
			buildConfigurationList = 95B5FBD524AC9E4E00787A65 /* Build configuration list for PBXProject "Alamofire_Kingfisher" */;
			compatibilityVersion = "Xcode 9.3";
			developmentRegion = en;
			hasScannedForEncodings = 0;
			knownRegions = (
				en,
				Base,
			);
			mainGroup = 95B5FBD124AC9E4E00787A65;
			productRefGroup = 95B5FBDB24AC9E4E00787A65 /* Products */;
			projectDirPath = "";
			projectRoot = "";
			targets = (
				95B5FBD924AC9E4E00787A65 /* Alamofire_Kingfisher */,
			);
		};
/* End PBXProject section */

/* Begin PBXResourcesBuildPhase section */
		95B5FBD824AC9E4E00787A65 /* Resources */ = {
			isa = PBXResourcesBuildPhase;
			buildActionMask = 2147483647;
			files = (
				95B5FBF824ACA34200787A65 /* PhotosTableViewCell.xib in Resources */,
				95B5FBEA24AC9E5200787A65 /* LaunchScreen.storyboard in Resources */,
				95B5FBE724AC9E5200787A65 /* Assets.xcassets in Resources */,
				95B5FBE524AC9E4E00787A65 /* Main.storyboard in Resources */,
			);
			runOnlyForDeploymentPostprocessing = 0;
		};
/* End PBXResourcesBuildPhase section */

/* Begin PBXShellScriptBuildPhase section */
		038C1EFD2CC91A2DD2B93714 /* [CP] Check Pods Manifest.lock */ = {
			isa = PBXShellScriptBuildPhase;
			buildActionMask = 2147483647;
			files = (
			);
			inputFileListPaths = (
			);
			inputPaths = (
				"${PODS_PODFILE_DIR_PATH}/Podfile.lock",
				"${PODS_ROOT}/Manifest.lock",
			);
			name = "[CP] Check Pods Manifest.lock";
			outputFileListPaths = (
			);
			outputPaths = (
				"$(DERIVED_FILE_DIR)/Pods-Alamofire_Kingfisher-checkManifestLockResult.txt",
			);
			runOnlyForDeploymentPostprocessing = 0;
			shellPath = /bin/sh;
			shellScript = "diff \"${PODS_PODFILE_DIR_PATH}/Podfile.lock\" \"${PODS_ROOT}/Manifest.lock\" > /dev/null\nif [ $? != 0 ] ; then\n    # print error to STDERR\n    echo \"error: The sandbox is not in sync with the Podfile.lock. Run 'pod install' or update your CocoaPods installation.\" >&2\n    exit 1\nfi\n# This output is used by Xcode 'outputs' to avoid re-running this script phase.\necho \"SUCCESS\" > \"${SCRIPT_OUTPUT_FILE_0}\"\n";
			showEnvVarsInLog = 0;
		};
		CD0B2C3EA0CF62ECF10F1137 /* [CP] Embed Pods Frameworks */ = {
			isa = PBXShellScriptBuildPhase;
			buildActionMask = 2147483647;
			files = (
			);
			inputFileListPaths = (
				"${PODS_ROOT}/Target Support Files/Pods-Alamofire_Kingfisher/Pods-Alamofire_Kingfisher-frameworks-${CONFIGURATION}-input-files.xcfilelist",
			);
			name = "[CP] Embed Pods Frameworks";
			outputFileListPaths = (
				"${PODS_ROOT}/Target Support Files/Pods-Alamofire_Kingfisher/Pods-Alamofire_Kingfisher-frameworks-${CONFIGURATION}-output-files.xcfilelist",
			);
			runOnlyForDeploymentPostprocessing = 0;
			shellPath = /bin/sh;
			shellScript = "\"${PODS_ROOT}/Target Support Files/Pods-Alamofire_Kingfisher/Pods-Alamofire_Kingfisher-frameworks.sh\"\n";
			showEnvVarsInLog = 0;
		};
/* End PBXShellScriptBuildPhase section */

/* Begin PBXSourcesBuildPhase section */
		95B5FBD624AC9E4E00787A65 /* Sources */ = {
			isa = PBXSourcesBuildPhase;
			buildActionMask = 2147483647;
			files = (
				95B5FBF724ACA34200787A65 /* PhotosTableViewCell.swift in Sources */,
				95B5FBE224AC9E4E00787A65 /* ViewController.swift in Sources */,
				95B5FBFC24ACAC6200787A65 /* UIImageViewExtension.swift in Sources */,
				95B5FBDE24AC9E4E00787A65 /* AppDelegate.swift in Sources */,
				95B5FBE024AC9E4E00787A65 /* SceneDelegate.swift in Sources */,
				95B5FBFA24ACA65900787A65 /* Photo.swift in Sources */,
			);
			runOnlyForDeploymentPostprocessing = 0;
		};
/* End PBXSourcesBuildPhase section */

/* Begin PBXVariantGroup section */
		95B5FBE324AC9E4E00787A65 /* Main.storyboard */ = {
			isa = PBXVariantGroup;
			children = (
				95B5FBE424AC9E4E00787A65 /* Base */,
			);
			name = Main.storyboard;
			sourceTree = "<group>";
		};
		95B5FBE824AC9E5200787A65 /* LaunchScreen.storyboard */ = {
			isa = PBXVariantGroup;
			children = (
				95B5FBE924AC9E5200787A65 /* Base */,
			);
			name = LaunchScreen.storyboard;
			sourceTree = "<group>";
		};
/* End PBXVariantGroup section */

/* Begin XCBuildConfiguration section */
		95B5FBEC24AC9E5200787A65 /* Debug */ = {
			isa = XCBuildConfiguration;
			buildSettings = {
				ALWAYS_SEARCH_USER_PATHS = NO;
				CLANG_ANALYZER_NONNULL = YES;
				CLANG_ANALYZER_NUMBER_OBJECT_CONVERSION = YES_AGGRESSIVE;
				CLANG_CXX_LANGUAGE_STANDARD = "gnu++14";
				CLANG_CXX_LIBRARY = "libc++";
				CLANG_ENABLE_MODULES = YES;
				CLANG_ENABLE_OBJC_ARC = YES;
				CLANG_ENABLE_OBJC_WEAK = YES;
				CLANG_WARN_BLOCK_CAPTURE_AUTORELEASING = YES;
				CLANG_WARN_BOOL_CONVERSION = YES;
				CLANG_WARN_COMMA = YES;
				CLANG_WARN_CONSTANT_CONVERSION = YES;
				CLANG_WARN_DEPRECATED_OBJC_IMPLEMENTATIONS = YES;
				CLANG_WARN_DIRECT_OBJC_ISA_USAGE = YES_ERROR;
				CLANG_WARN_DOCUMENTATION_COMMENTS = YES;
				CLANG_WARN_EMPTY_BODY = YES;
				CLANG_WARN_ENUM_CONVERSION = YES;
				CLANG_WARN_INFINITE_RECURSION = YES;
				CLANG_WARN_INT_CONVERSION = YES;
				CLANG_WARN_NON_LITERAL_NULL_CONVERSION = YES;
				CLANG_WARN_OBJC_IMPLICIT_RETAIN_SELF = YES;
				CLANG_WARN_OBJC_LITERAL_CONVERSION = YES;
				CLANG_WARN_OBJC_ROOT_CLASS = YES_ERROR;
				CLANG_WARN_RANGE_LOOP_ANALYSIS = YES;
				CLANG_WARN_STRICT_PROTOTYPES = YES;
				CLANG_WARN_SUSPICIOUS_MOVE = YES;
				CLANG_WARN_UNGUARDED_AVAILABILITY = YES_AGGRESSIVE;
				CLANG_WARN_UNREACHABLE_CODE = YES;
				CLANG_WARN__DUPLICATE_METHOD_MATCH = YES;
				COPY_PHASE_STRIP = NO;
				DEBUG_INFORMATION_FORMAT = dwarf;
				ENABLE_STRICT_OBJC_MSGSEND = YES;
				ENABLE_TESTABILITY = YES;
				GCC_C_LANGUAGE_STANDARD = gnu11;
				GCC_DYNAMIC_NO_PIC = NO;
				GCC_NO_COMMON_BLOCKS = YES;
				GCC_OPTIMIZATION_LEVEL = 0;
				GCC_PREPROCESSOR_DEFINITIONS = (
					"DEBUG=1",
					"$(inherited)",
				);
				GCC_WARN_64_TO_32_BIT_CONVERSION = YES;
				GCC_WARN_ABOUT_RETURN_TYPE = YES_ERROR;
				GCC_WARN_UNDECLARED_SELECTOR = YES;
				GCC_WARN_UNINITIALIZED_AUTOS = YES_AGGRESSIVE;
				GCC_WARN_UNUSED_FUNCTION = YES;
				GCC_WARN_UNUSED_VARIABLE = YES;
				IPHONEOS_DEPLOYMENT_TARGET = 13.5;
				MTL_ENABLE_DEBUG_INFO = INCLUDE_SOURCE;
				MTL_FAST_MATH = YES;
				ONLY_ACTIVE_ARCH = YES;
				SDKROOT = iphoneos;
				SWIFT_ACTIVE_COMPILATION_CONDITIONS = DEBUG;
				SWIFT_OPTIMIZATION_LEVEL = "-Onone";
			};
			name = Debug;
		};
		95B5FBED24AC9E5200787A65 /* Release */ = {
			isa = XCBuildConfiguration;
			buildSettings = {
				ALWAYS_SEARCH_USER_PATHS = NO;
				CLANG_ANALYZER_NONNULL = YES;
				CLANG_ANALYZER_NUMBER_OBJECT_CONVERSION = YES_AGGRESSIVE;
				CLANG_CXX_LANGUAGE_STANDARD = "gnu++14";
				CLANG_CXX_LIBRARY = "libc++";
				CLANG_ENABLE_MODULES = YES;
				CLANG_ENABLE_OBJC_ARC = YES;
				CLANG_ENABLE_OBJC_WEAK = YES;
				CLANG_WARN_BLOCK_CAPTURE_AUTORELEASING = YES;
				CLANG_WARN_BOOL_CONVERSION = YES;
				CLANG_WARN_COMMA = YES;
				CLANG_WARN_CONSTANT_CONVERSION = YES;
				CLANG_WARN_DEPRECATED_OBJC_IMPLEMENTATIONS = YES;
				CLANG_WARN_DIRECT_OBJC_ISA_USAGE = YES_ERROR;
				CLANG_WARN_DOCUMENTATION_COMMENTS = YES;
				CLANG_WARN_EMPTY_BODY = YES;
				CLANG_WARN_ENUM_CONVERSION = YES;
				CLANG_WARN_INFINITE_RECURSION = YES;
				CLANG_WARN_INT_CONVERSION = YES;
				CLANG_WARN_NON_LITERAL_NULL_CONVERSION = YES;
				CLANG_WARN_OBJC_IMPLICIT_RETAIN_SELF = YES;
				CLANG_WARN_OBJC_LITERAL_CONVERSION = YES;
				CLANG_WARN_OBJC_ROOT_CLASS = YES_ERROR;
				CLANG_WARN_RANGE_LOOP_ANALYSIS = YES;
				CLANG_WARN_STRICT_PROTOTYPES = YES;
				CLANG_WARN_SUSPICIOUS_MOVE = YES;
				CLANG_WARN_UNGUARDED_AVAILABILITY = YES_AGGRESSIVE;
				CLANG_WARN_UNREACHABLE_CODE = YES;
				CLANG_WARN__DUPLICATE_METHOD_MATCH = YES;
				COPY_PHASE_STRIP = NO;
				DEBUG_INFORMATION_FORMAT = "dwarf-with-dsym";
				ENABLE_NS_ASSERTIONS = NO;
				ENABLE_STRICT_OBJC_MSGSEND = YES;
				GCC_C_LANGUAGE_STANDARD = gnu11;
				GCC_NO_COMMON_BLOCKS = YES;
				GCC_WARN_64_TO_32_BIT_CONVERSION = YES;
				GCC_WARN_ABOUT_RETURN_TYPE = YES_ERROR;
				GCC_WARN_UNDECLARED_SELECTOR = YES;
				GCC_WARN_UNINITIALIZED_AUTOS = YES_AGGRESSIVE;
				GCC_WARN_UNUSED_FUNCTION = YES;
				GCC_WARN_UNUSED_VARIABLE = YES;
				IPHONEOS_DEPLOYMENT_TARGET = 13.5;
				MTL_ENABLE_DEBUG_INFO = NO;
				MTL_FAST_MATH = YES;
				SDKROOT = iphoneos;
				SWIFT_COMPILATION_MODE = wholemodule;
				SWIFT_OPTIMIZATION_LEVEL = "-O";
				VALIDATE_PRODUCT = YES;
			};
			name = Release;
		};
		95B5FBEF24AC9E5200787A65 /* Debug */ = {
			isa = XCBuildConfiguration;
			baseConfigurationReference = 572997B1A83BB232C3D23339 /* Pods-Alamofire_Kingfisher.debug.xcconfig */;
			buildSettings = {
				ASSETCATALOG_COMPILER_APPICON_NAME = AppIcon;
				CODE_SIGN_STYLE = Automatic;
				DEVELOPMENT_TEAM = 7RFPAQ2NAA;
				INFOPLIST_FILE = Alamofire_Kingfisher/Info.plist;
				LD_RUNPATH_SEARCH_PATHS = (
					"$(inherited)",
					"@executable_path/Frameworks",
				);
				PRODUCT_BUNDLE_IDENTIFIER = "com.shino.Alamofire-Kingfisher";
				PRODUCT_NAME = "$(TARGET_NAME)";
				SWIFT_VERSION = 5.0;
				TARGETED_DEVICE_FAMILY = "1,2";
			};
			name = Debug;
		};
		95B5FBF024AC9E5200787A65 /* Release */ = {
			isa = XCBuildConfiguration;
			baseConfigurationReference = 5B78F270C2F2FD7411AF839F /* Pods-Alamofire_Kingfisher.release.xcconfig */;
			buildSettings = {
				ASSETCATALOG_COMPILER_APPICON_NAME = AppIcon;
				CODE_SIGN_STYLE = Automatic;
				DEVELOPMENT_TEAM = 7RFPAQ2NAA;
				INFOPLIST_FILE = Alamofire_Kingfisher/Info.plist;
				LD_RUNPATH_SEARCH_PATHS = (
					"$(inherited)",
					"@executable_path/Frameworks",
				);
				PRODUCT_BUNDLE_IDENTIFIER = "com.shino.Alamofire-Kingfisher";
				PRODUCT_NAME = "$(TARGET_NAME)";
				SWIFT_VERSION = 5.0;
				TARGETED_DEVICE_FAMILY = "1,2";
			};
			name = Release;
		};
/* End XCBuildConfiguration section */

/* Begin XCConfigurationList section */
		95B5FBD524AC9E4E00787A65 /* Build configuration list for PBXProject "Alamofire_Kingfisher" */ = {
			isa = XCConfigurationList;
			buildConfigurations = (
				95B5FBEC24AC9E5200787A65 /* Debug */,
				95B5FBED24AC9E5200787A65 /* Release */,
			);
			defaultConfigurationIsVisible = 0;
			defaultConfigurationName = Release;
		};
		95B5FBEE24AC9E5200787A65 /* Build configuration list for PBXNativeTarget "Alamofire_Kingfisher" */ = {
			isa = XCConfigurationList;
			buildConfigurations = (
				95B5FBEF24AC9E5200787A65 /* Debug */,
				95B5FBF024AC9E5200787A65 /* Release */,
			);
			defaultConfigurationIsVisible = 0;
			defaultConfigurationName = Release;
		};
/* End XCConfigurationList section */
	};
	rootObject = 95B5FBD224AC9E4E00787A65 /* Project object */;
}
